
Microsoft Visual Studio Solution File, Format Version 12.00
# Visual Studio Version 17
VisualStudioVersion = 17.5.33530.505
MinimumVisualStudioVersion = 10.0.40219.1
Project("{FAE04EC0-301F-11D3-BF4B-00C04F79EFBC}") = "MT.Android", "MT\MT.Android\MT.Android.csproj", "{071D31B8-93E0-4182-A94C-707C1DA12DD2}"
	ProjectSection(ProjectDependencies) = postProject
		{A56DB014-3166-49AF-A6C1-BDE79AA91939} = {A56DB014-3166-49AF-A6C1-BDE79AA91939}
	EndProjectSection
EndProject
Project("{9A19103F-16F7-4668-BE54-9A1E7A4F7556}") = "MT", "MT\MT\MT.csproj", "{A56DB014-3166-49AF-A6C1-BDE79AA91939}"
EndProject
Global
	GlobalSection(SolutionConfigurationPlatforms) = preSolution
		Debug|Any CPU = Debug|Any CPU
		Release|Any CPU = Release|Any CPU
	EndGlobalSection
	GlobalSection(ProjectConfigurationPlatforms) = postSolution
		{071D31B8-93E0-4182-A94C-707C1DA12DD2}.Debug|Any CPU.ActiveCfg = Debug|Any CPU
		{071D31B8-93E0-4182-A94C-707C1DA12DD2}.Debug|Any CPU.Build.0 = Debug|Any CPU
		{071D31B8-93E0-4182-A94C-707C1DA12DD2}.Debug|Any CPU.Deploy.0 = Debug|Any CPU
		{071D31B8-93E0-4182-A94C-707C1DA12DD2}.Release|Any CPU.ActiveCfg = Release|Any CPU
		{071D31B8-93E0-4182-A94C-707C1DA12DD2}.Release|Any CPU.Build.0 = Release|Any CPU
		{071D31B8-93E0-4182-A94C-707C1DA12DD2}.Release|Any CPU.Deploy.0 = Release|Any CPU
		{A56DB014-3166-49AF-A6C1-BDE79AA91939}.Debug|Any CPU.ActiveCfg = Release|Any CPU
		{A56DB014-3166-49AF-A6C1-BDE79AA91939}.Debug|Any CPU.Build.0 = Release|Any CPU
		{A56DB014-3166-49AF-A6C1-BDE79AA91939}.Release|Any CPU.ActiveCfg = Release|Any CPU
		{A56DB014-3166-49AF-A6C1-BDE79AA91939}.Release|Any CPU.Build.0 = Release|Any CPU
	EndGlobalSection
	GlobalSection(SolutionProperties) = preSolution
		HideSolutionNode = FALSE
	EndGlobalSection
	GlobalSection(ExtensibilityGlobals) = postSolution
		SolutionGuid = {49524A31-30E5-481A-9B4C-B45E29A5C738}
	EndGlobalSection
EndGlobal
